{
  "name": "fairmotion_html5",
  "version": "0.0.1",
  "lockfileVersion": 1,
  "requires": true,
  "dependencies": {
    "canvaskit-wasm": {
      "version": "0.3.1",
      "resolved": "https://registry.npmjs.org/canvaskit-wasm/-/canvaskit-wasm-0.3.1.tgz",
      "integrity": "sha512-T8qSYkt+ASwj0oMlsVlXNgU5gQdDHeN2KPSB2b1TOUtj6YiHNZtsSXpm+ggA05s0rMtj9uMkHt4QXFjmwKLh0A=="
    }
  }
}
