{
  "requires": true,
  "lockfileVersion": 1,
  "dependencies": {
    "canvaskit-wasm": {
      "version": "0.16.2",
      "resolved": "https://registry.npmjs.org/canvaskit-wasm/-/canvaskit-wasm-0.16.2.tgz",
      "integrity": "sha512-0rmzT33Li/WV6Mi5+W374Higfq7ffTtsCZi1WhvfaTyRzgPwaurH6hXy537gv93dgyte7z1f6etDsnsqY0t1Jg=="
    }
  }
}
